
Microsoft Visual Studio Solution File, Format Version 12.00
# Visual Studio Version 16
VisualStudioVersion = 16.0.29728.190
MinimumVisualStudioVersion = 10.0.40219.1
Project("{F184B08F-C81C-45F6-A57F-5ABD9991F28F}") = "Elysium", "Elysium\Elysium.vbproj", "{AF0A1FF4-5854-420B-99F4-E588F09796CF}"
EndProject
Project("{FAE04EC0-301F-11D3-BF4B-00C04F79EFBC}") = "Elysium.Manager", "Elysium.Manager\Elysium.Manager.csproj", "{76B619E2-3665-4EA8-92CE-0372BC04F170}"
EndProject
Project("{FAE04EC0-301F-11D3-BF4B-00C04F79EFBC}") = "Elysium.Database", "Elysium.Database\Elysium.Database.csproj", "{E7826FAB-F352-4EAE-ADF3-DB70C2E4845C}"
EndProject
Project("{FAE04EC0-301F-11D3-BF4B-00C04F79EFBC}") = "Elysium.Entities", "Elysium.Entities\Elysium.Entities.csproj", "{5B780DA4-4FFD-42A4-B45F-33791C6296C5}"
EndProject
Global
	GlobalSection(SolutionConfigurationPlatforms) = preSolution
		Debug|Any CPU = Debug|Any CPU
		Release|Any CPU = Release|Any CPU
	EndGlobalSection
	GlobalSection(ProjectConfigurationPlatforms) = postSolution
		{AF0A1FF4-5854-420B-99F4-E588F09796CF}.Debug|Any CPU.ActiveCfg = Debug|Any CPU
		{AF0A1FF4-5854-420B-99F4-E588F09796CF}.Debug|Any CPU.Build.0 = Debug|Any CPU
		{AF0A1FF4-5854-420B-99F4-E588F09796CF}.Release|Any CPU.ActiveCfg = Release|Any CPU
		{AF0A1FF4-5854-420B-99F4-E588F09796CF}.Release|Any CPU.Build.0 = Release|Any CPU
		{76B619E2-3665-4EA8-92CE-0372BC04F170}.Debug|Any CPU.ActiveCfg = Debug|Any CPU
		{76B619E2-3665-4EA8-92CE-0372BC04F170}.Debug|Any CPU.Build.0 = Debug|Any CPU
		{76B619E2-3665-4EA8-92CE-0372BC04F170}.Release|Any CPU.ActiveCfg = Release|Any CPU
		{76B619E2-3665-4EA8-92CE-0372BC04F170}.Release|Any CPU.Build.0 = Release|Any CPU
		{E7826FAB-F352-4EAE-ADF3-DB70C2E4845C}.Debug|Any CPU.ActiveCfg = Debug|Any CPU
		{E7826FAB-F352-4EAE-ADF3-DB70C2E4845C}.Debug|Any CPU.Build.0 = Debug|Any CPU
		{E7826FAB-F352-4EAE-ADF3-DB70C2E4845C}.Release|Any CPU.ActiveCfg = Release|Any CPU
		{E7826FAB-F352-4EAE-ADF3-DB70C2E4845C}.Release|Any CPU.Build.0 = Release|Any CPU
		{5B780DA4-4FFD-42A4-B45F-33791C6296C5}.Debug|Any CPU.ActiveCfg = Debug|Any CPU
		{5B780DA4-4FFD-42A4-B45F-33791C6296C5}.Debug|Any CPU.Build.0 = Debug|Any CPU
		{5B780DA4-4FFD-42A4-B45F-33791C6296C5}.Release|Any CPU.ActiveCfg = Release|Any CPU
		{5B780DA4-4FFD-42A4-B45F-33791C6296C5}.Release|Any CPU.Build.0 = Release|Any CPU
	EndGlobalSection
	GlobalSection(SolutionProperties) = preSolution
		HideSolutionNode = FALSE
	EndGlobalSection
	GlobalSection(ExtensibilityGlobals) = postSolution
		SolutionGuid = {592ECD7A-BA13-4AA1-97EE-6BD645E77266}
	EndGlobalSection
EndGlobal
